
Microsoft Visual Studio Solution File, Format Version 12.00
# Visual Studio Version 17
VisualStudioVersion = 17.1.32328.378
MinimumVisualStudioVersion = 10.0.40219.1
Project("{FAE04EC0-301F-11D3-BF4B-00C04F79EFBC}") = "ModeloParcial2", "ModeloParcial2\ModeloParcial2.csproj", "{C68250DC-44C2-4CCD-85FC-B3B30ED8E8AF}"
EndProject
Global
	GlobalSection(SolutionConfigurationPlatforms) = preSolution
		Debug|Any CPU = Debug|Any CPU
		Release|Any CPU = Release|Any CPU
	EndGlobalSection
	GlobalSection(ProjectConfigurationPlatforms) = postSolution
		{C68250DC-44C2-4CCD-85FC-B3B30ED8E8AF}.Debug|Any CPU.ActiveCfg = Debug|Any CPU
		{C68250DC-44C2-4CCD-85FC-B3B30ED8E8AF}.Debug|Any CPU.Build.0 = Debug|Any CPU
		{C68250DC-44C2-4CCD-85FC-B3B30ED8E8AF}.Release|Any CPU.ActiveCfg = Release|Any CPU
		{C68250DC-44C2-4CCD-85FC-B3B30ED8E8AF}.Release|Any CPU.Build.0 = Release|Any CPU
	EndGlobalSection
	GlobalSection(SolutionProperties) = preSolution
		HideSolutionNode = FALSE
	EndGlobalSection
	GlobalSection(ExtensibilityGlobals) = postSolution
		SolutionGuid = {AE759693-5E49-43B8-902C-A6348EFFA692}
	EndGlobalSection
EndGlobal
